// !$*UTF8*$!
{
	archiveVersion = 1;
	classes = {
	};
	objectVersion = 77;
	objects = {

/* Begin PBXBuildFile section */
		A2175240B9A3F3D3981BCF8B /* MengineMCPUIAutomationTests.swift in Sources */ = {isa = PBXBuildFile; fileRef = F4C19B83FBD1B47EEC788ED9 /* MengineMCPUIAutomationTests.swift */; };
		C899119E7F4C09A9FA873368 /* AppDelegate.swift in Sources */ = {isa = PBXBuildFile; fileRef = B18B3606324776C71DEFD63C /* AppDelegate.swift */; };
/* End PBXBuildFile section */

/* Begin PBXContainerItemProxy section */
		0C8A5322059315D2C2E2F20E /* PBXContainerItemProxy */ = {
			isa = PBXContainerItemProxy;
			containerPortal = 90C17F93209E032AD93913FD /* Project object */;
			proxyType = 1;
			remoteGlobalIDString = ABB3B6F885137EEE60D79E2A;
			remoteInfo = MengineMCPUIAutomationHost;
		};
/* End PBXContainerItemProxy section */

/* Begin PBXFileReference section */
		5689303EE7069A2079F670C0 /* MengineMCPUIAutomationHost.app */ = {isa = PBXFileReference; includeInIndex = 0; lastKnownFileType = wrapper.application; path = MengineMCPUIAutomationHost.app; sourceTree = BUILT_PRODUCTS_DIR; };
		9DFAAB8E1A59BE11ED403291 /* MengineMCPUIAutomationTests.xctest */ = {isa = PBXFileReference; includeInIndex = 0; lastKnownFileType = wrapper.cfbundle; path = MengineMCPUIAutomationTests.xctest; sourceTree = BUILT_PRODUCTS_DIR; };
		B18B3606324776C71DEFD63C /* AppDelegate.swift */ = {isa = PBXFileReference; lastKnownFileType = sourcecode.swift; path = AppDelegate.swift; sourceTree = "<group>"; };
		F4C19B83FBD1B47EEC788ED9 /* MengineMCPUIAutomationTests.swift */ = {isa = PBXFileReference; lastKnownFileType = sourcecode.swift; path = MengineMCPUIAutomationTests.swift; sourceTree = "<group>"; };
/* End PBXFileReference section */

/* Begin PBXGroup section */
		0D854F4E3501C48F7F81A3CC /* Tests */ = {
			isa = PBXGroup;
			children = (
				F4C19B83FBD1B47EEC788ED9 /* MengineMCPUIAutomationTests.swift */,
			);
			path = Tests;
			sourceTree = "<group>";
		};
		312BFD13F93EE52D2388AB18 /* Products */ = {
			isa = PBXGroup;
			children = (
				5689303EE7069A2079F670C0 /* MengineMCPUIAutomationHost.app */,
				9DFAAB8E1A59BE11ED403291 /* MengineMCPUIAutomationTests.xctest */,
			);
			name = Products;
			sourceTree = "<group>";
		};
		98D9BB6CDC72499B5CE9E6E6 /* Host */ = {
			isa = PBXGroup;
			children = (
				B18B3606324776C71DEFD63C /* AppDelegate.swift */,
			);
			path = Host;
			sourceTree = "<group>";
		};
		F86C6F1BD964E5983ADD599E = {
			isa = PBXGroup;
			children = (
				98D9BB6CDC72499B5CE9E6E6 /* Host */,
				0D854F4E3501C48F7F81A3CC /* Tests */,
				312BFD13F93EE52D2388AB18 /* Products */,
			);
			sourceTree = "<group>";
		};
/* End PBXGroup section */

/* Begin PBXNativeTarget section */
		ABB3B6F885137EEE60D79E2A /* MengineMCPUIAutomationHost */ = {
			isa = PBXNativeTarget;
			buildConfigurationList = 1BB85311BCB525574E4ABC10 /* Build configuration list for PBXNativeTarget "MengineMCPUIAutomationHost" */;
			buildPhases = (
				F515A969DA0C73A9C4A4C8FC /* Sources */,
			);
			buildRules = (
			);
			dependencies = (
			);
			name = MengineMCPUIAutomationHost;
			packageProductDependencies = (
			);
			productName = MengineMCPUIAutomationHost;
			productReference = 5689303EE7069A2079F670C0 /* MengineMCPUIAutomationHost.app */;
			productType = "com.apple.product-type.application";
		};
		CBA0D2754BB995343A4764DE /* MengineMCPUIAutomationTests */ = {
			isa = PBXNativeTarget;
			buildConfigurationList = D76AF9E953363ADDAB0703CE /* Build configuration list for PBXNativeTarget "MengineMCPUIAutomationTests" */;
			buildPhases = (
				B517F426D851FCC33FE134CA /* Sources */,
			);
			buildRules = (
			);
			dependencies = (
				2A56682EC1CB380C52E41428 /* PBXTargetDependency */,
			);
			name = MengineMCPUIAutomationTests;
			packageProductDependencies = (
			);
			productName = MengineMCPUIAutomationTests;
			productReference = 9DFAAB8E1A59BE11ED403291 /* MengineMCPUIAutomationTests.xctest */;
			productType = "com.apple.product-type.bundle.ui-testing";
		};
/* End PBXNativeTarget section */

/* Begin PBXProject section */
		90C17F93209E032AD93913FD /* Project object */ = {
			isa = PBXProject;
			attributes = {
				BuildIndependentTargetsInParallel = YES;
				LastUpgradeCheck = 1430;
				TargetAttributes = {
					ABB3B6F885137EEE60D79E2A = {
						ProvisioningStyle = Automatic;
					};
					CBA0D2754BB995343A4764DE = {
						ProvisioningStyle = Automatic;
						TestTargetID = ABB3B6F885137EEE60D79E2A;
					};
				};
			};
			buildConfigurationList = C2C4673CD8CD64C29ECC9BDE /* Build configuration list for PBXProject "MengineMCPUIAutomation" */;
			developmentRegion = en;
			hasScannedForEncodings = 0;
			knownRegions = (
				Base,
				en,
			);
			mainGroup = F86C6F1BD964E5983ADD599E;
			minimizedProjectReferenceProxies = 1;
			preferredProjectObjectVersion = 77;
			productRefGroup = 312BFD13F93EE52D2388AB18 /* Products */;
			projectDirPath = "";
			projectRoot = "";
			targets = (
				ABB3B6F885137EEE60D79E2A /* MengineMCPUIAutomationHost */,
				CBA0D2754BB995343A4764DE /* MengineMCPUIAutomationTests */,
			);
		};
/* End PBXProject section */

/* Begin PBXSourcesBuildPhase section */
		B517F426D851FCC33FE134CA /* Sources */ = {
			isa = PBXSourcesBuildPhase;
			buildActionMask = 2147483647;
			files = (
				A2175240B9A3F3D3981BCF8B /* MengineMCPUIAutomationTests.swift in Sources */,
			);
			runOnlyForDeploymentPostprocessing = 0;
		};
		F515A969DA0C73A9C4A4C8FC /* Sources */ = {
			isa = PBXSourcesBuildPhase;
			buildActionMask = 2147483647;
			files = (
				C899119E7F4C09A9FA873368 /* AppDelegate.swift in Sources */,
			);
			runOnlyForDeploymentPostprocessing = 0;
		};
/* End PBXSourcesBuildPhase section */

/* Begin PBXTargetDependency section */
		2A56682EC1CB380C52E41428 /* PBXTargetDependency */ = {
			isa = PBXTargetDependency;
			target = ABB3B6F885137EEE60D79E2A /* MengineMCPUIAutomationHost */;
			targetProxy = 0C8A5322059315D2C2E2F20E /* PBXContainerItemProxy */;
		};
/* End PBXTargetDependency section */

/* Begin XCBuildConfiguration section */
		117C63BA0870B45D62D3CF43 /* Debug */ = {
			isa = XCBuildConfiguration;
			buildSettings = {
				BUNDLE_LOADER = "$(TEST_HOST)";
				GENERATE_INFOPLIST_FILE = YES;
				LD_RUNPATH_SEARCH_PATHS = (
					"$(inherited)",
					"@executable_path/Frameworks",
					"@loader_path/Frameworks",
				);
				PRODUCT_BUNDLE_IDENTIFIER = com.wonderland.mengine.MCPUIAutomationTests;
				SDKROOT = iphoneos;
				TARGETED_DEVICE_FAMILY = "1,2";
				TEST_TARGET_NAME = MengineMCPUIAutomationHost;
			};
			name = Debug;
		};
		2AF2D1847CDF6E7D0CB208F0 /* Debug */ = {
			isa = XCBuildConfiguration;
			buildSettings = {
				ASSETCATALOG_COMPILER_APPICON_NAME = AppIcon;
				CODE_SIGN_IDENTITY = "iPhone Developer";
				GENERATE_INFOPLIST_FILE = YES;
				INFOPLIST_KEY_CFBundleDisplayName = "Mengine MCP UI Host";
				LD_RUNPATH_SEARCH_PATHS = (
					"$(inherited)",
					"@executable_path/Frameworks",
				);
				PRODUCT_BUNDLE_IDENTIFIER = com.wonderland.mengine.MCPUIAutomationHost;
				SDKROOT = iphoneos;
				TARGETED_DEVICE_FAMILY = "1,2";
			};
			name = Debug;
		};
		37688E03C990BBA2A0BFCF38 /* Release */ = {
			isa = XCBuildConfiguration;
			buildSettings = {
				ASSETCATALOG_COMPILER_APPICON_NAME = AppIcon;
				CODE_SIGN_IDENTITY = "iPhone Developer";
				GENERATE_INFOPLIST_FILE = YES;
				INFOPLIST_KEY_CFBundleDisplayName = "Mengine MCP UI Host";
				LD_RUNPATH_SEARCH_PATHS = (
					"$(inherited)",
					"@executable_path/Frameworks",
				);
				PRODUCT_BUNDLE_IDENTIFIER = com.wonderland.mengine.MCPUIAutomationHost;
				SDKROOT = iphoneos;
				TARGETED_DEVICE_FAMILY = "1,2";
			};
			name = Release;
		};
		A53A7679F7998395C8ACBC78 /* Release */ = {
			isa = XCBuildConfiguration;
			buildSettings = {
				ALWAYS_SEARCH_USER_PATHS = NO;
				CLANG_ANALYZER_NONNULL = YES;
				CLANG_ANALYZER_NUMBER_OBJECT_CONVERSION = YES_AGGRESSIVE;
				CLANG_CXX_LANGUAGE_STANDARD = "gnu++14";
				CLANG_CXX_LIBRARY = "libc++";
				CLANG_ENABLE_MODULES = YES;
				CLANG_ENABLE_OBJC_ARC = YES;
				CLANG_ENABLE_OBJC_WEAK = YES;
				CLANG_WARN_BLOCK_CAPTURE_AUTORELEASING = YES;
				CLANG_WARN_BOOL_CONVERSION = YES;
				CLANG_WARN_COMMA = YES;
				CLANG_WARN_CONSTANT_CONVERSION = YES;
				CLANG_WARN_DEPRECATED_OBJC_IMPLEMENTATIONS = YES;
				CLANG_WARN_DIRECT_OBJC_ISA_USAGE = YES_ERROR;
				CLANG_WARN_DOCUMENTATION_COMMENTS = YES;
				CLANG_WARN_EMPTY_BODY = YES;
				CLANG_WARN_ENUM_CONVERSION = YES;
				CLANG_WARN_INFINITE_RECURSION = YES;
				CLANG_WARN_INT_CONVERSION = YES;
				CLANG_WARN_NON_LITERAL_NULL_CONVERSION = YES;
				CLANG_WARN_OBJC_IMPLICIT_RETAIN_SELF = YES;
				CLANG_WARN_OBJC_LITERAL_CONVERSION = YES;
				CLANG_WARN_OBJC_ROOT_CLASS = YES_ERROR;
				CLANG_WARN_QUOTED_INCLUDE_IN_FRAMEWORK_HEADER = YES;
				CLANG_WARN_RANGE_LOOP_ANALYSIS = YES;
				CLANG_WARN_STRICT_PROTOTYPES = YES;
				CLANG_WARN_SUSPICIOUS_MOVE = YES;
				CLANG_WARN_UNGUARDED_AVAILABILITY = YES_AGGRESSIVE;
				CLANG_WARN_UNREACHABLE_CODE = YES;
				CLANG_WARN__DUPLICATE_METHOD_MATCH = YES;
				CODE_SIGN_STYLE = Automatic;
				COPY_PHASE_STRIP = NO;
				DEBUG_INFORMATION_FORMAT = "dwarf-with-dsym";
				ENABLE_NS_ASSERTIONS = NO;
				ENABLE_STRICT_OBJC_MSGSEND = YES;
				GCC_C_LANGUAGE_STANDARD = gnu11;
				GCC_NO_COMMON_BLOCKS = YES;
				GCC_WARN_64_TO_32_BIT_CONVERSION = YES;
				GCC_WARN_ABOUT_RETURN_TYPE = YES_ERROR;
				GCC_WARN_UNDECLARED_SELECTOR = YES;
				GCC_WARN_UNINITIALIZED_AUTOS = YES_AGGRESSIVE;
				GCC_WARN_UNUSED_FUNCTION = YES;
				GCC_WARN_UNUSED_VARIABLE = YES;
				IPHONEOS_DEPLOYMENT_TARGET = 17.0;
				MTL_ENABLE_DEBUG_INFO = NO;
				MTL_FAST_MATH = YES;
				PRODUCT_NAME = "$(TARGET_NAME)";
				SDKROOT = iphoneos;
				SWIFT_COMPILATION_MODE = wholemodule;
				SWIFT_OPTIMIZATION_LEVEL = "-O";
				SWIFT_VERSION = 5.0;
				TARGETED_DEVICE_FAMILY = "1,2";
			};
			name = Release;
		};
		B9BEE47A53B02A09A3EBE405 /* Release */ = {
			isa = XCBuildConfiguration;
			buildSettings = {
				BUNDLE_LOADER = "$(TEST_HOST)";
				GENERATE_INFOPLIST_FILE = YES;
				LD_RUNPATH_SEARCH_PATHS = (
					"$(inherited)",
					"@executable_path/Frameworks",
					"@loader_path/Frameworks",
				);
				PRODUCT_BUNDLE_IDENTIFIER = com.wonderland.mengine.MCPUIAutomationTests;
				SDKROOT = iphoneos;
				TARGETED_DEVICE_FAMILY = "1,2";
				TEST_TARGET_NAME = MengineMCPUIAutomationHost;
			};
			name = Release;
		};
		CA09767B2FFDA7E6C96AA115 /* Debug */ = {
			isa = XCBuildConfiguration;
			buildSettings = {
				ALWAYS_SEARCH_USER_PATHS = NO;
				CLANG_ANALYZER_NONNULL = YES;
				CLANG_ANALYZER_NUMBER_OBJECT_CONVERSION = YES_AGGRESSIVE;
				CLANG_CXX_LANGUAGE_STANDARD = "gnu++14";
				CLANG_CXX_LIBRARY = "libc++";
				CLANG_ENABLE_MODULES = YES;
				CLANG_ENABLE_OBJC_ARC = YES;
				CLANG_ENABLE_OBJC_WEAK = YES;
				CLANG_WARN_BLOCK_CAPTURE_AUTORELEASING = YES;
				CLANG_WARN_BOOL_CONVERSION = YES;
				CLANG_WARN_COMMA = YES;
				CLANG_WARN_CONSTANT_CONVERSION = YES;
				CLANG_WARN_DEPRECATED_OBJC_IMPLEMENTATIONS = YES;
				CLANG_WARN_DIRECT_OBJC_ISA_USAGE = YES_ERROR;
				CLANG_WARN_DOCUMENTATION_COMMENTS = YES;
				CLANG_WARN_EMPTY_BODY = YES;
				CLANG_WARN_ENUM_CONVERSION = YES;
				CLANG_WARN_INFINITE_RECURSION = YES;
				CLANG_WARN_INT_CONVERSION = YES;
				CLANG_WARN_NON_LITERAL_NULL_CONVERSION = YES;
				CLANG_WARN_OBJC_IMPLICIT_RETAIN_SELF = YES;
				CLANG_WARN_OBJC_LITERAL_CONVERSION = YES;
				CLANG_WARN_OBJC_ROOT_CLASS = YES_ERROR;
				CLANG_WARN_QUOTED_INCLUDE_IN_FRAMEWORK_HEADER = YES;
				CLANG_WARN_RANGE_LOOP_ANALYSIS = YES;
				CLANG_WARN_STRICT_PROTOTYPES = YES;
				CLANG_WARN_SUSPICIOUS_MOVE = YES;
				CLANG_WARN_UNGUARDED_AVAILABILITY = YES_AGGRESSIVE;
				CLANG_WARN_UNREACHABLE_CODE = YES;
				CLANG_WARN__DUPLICATE_METHOD_MATCH = YES;
				CODE_SIGN_STYLE = Automatic;
				COPY_PHASE_STRIP = NO;
				DEBUG_INFORMATION_FORMAT = dwarf;
				ENABLE_STRICT_OBJC_MSGSEND = YES;
				ENABLE_TESTABILITY = YES;
				GCC_C_LANGUAGE_STANDARD = gnu11;
				GCC_DYNAMIC_NO_PIC = NO;
				GCC_NO_COMMON_BLOCKS = YES;
				GCC_OPTIMIZATION_LEVEL = 0;
				GCC_PREPROCESSOR_DEFINITIONS = (
					"$(inherited)",
					"DEBUG=1",
				);
				GCC_WARN_64_TO_32_BIT_CONVERSION = YES;
				GCC_WARN_ABOUT_RETURN_TYPE = YES_ERROR;
				GCC_WARN_UNDECLARED_SELECTOR = YES;
				GCC_WARN_UNINITIALIZED_AUTOS = YES_AGGRESSIVE;
				GCC_WARN_UNUSED_FUNCTION = YES;
				GCC_WARN_UNUSED_VARIABLE = YES;
				IPHONEOS_DEPLOYMENT_TARGET = 17.0;
				MTL_ENABLE_DEBUG_INFO = INCLUDE_SOURCE;
				MTL_FAST_MATH = YES;
				ONLY_ACTIVE_ARCH = YES;
				PRODUCT_NAME = "$(TARGET_NAME)";
				SDKROOT = iphoneos;
				SWIFT_ACTIVE_COMPILATION_CONDITIONS = DEBUG;
				SWIFT_OPTIMIZATION_LEVEL = "-Onone";
				SWIFT_VERSION = 5.0;
				TARGETED_DEVICE_FAMILY = "1,2";
			};
			name = Debug;
		};
/* End XCBuildConfiguration section */

/* Begin XCConfigurationList section */
		1BB85311BCB525574E4ABC10 /* Build configuration list for PBXNativeTarget "MengineMCPUIAutomationHost" */ = {
			isa = XCConfigurationList;
			buildConfigurations = (
				2AF2D1847CDF6E7D0CB208F0 /* Debug */,
				37688E03C990BBA2A0BFCF38 /* Release */,
			);
			defaultConfigurationIsVisible = 0;
			defaultConfigurationName = Debug;
		};
		C2C4673CD8CD64C29ECC9BDE /* Build configuration list for PBXProject "MengineMCPUIAutomation" */ = {
			isa = XCConfigurationList;
			buildConfigurations = (
				CA09767B2FFDA7E6C96AA115 /* Debug */,
				A53A7679F7998395C8ACBC78 /* Release */,
			);
			defaultConfigurationIsVisible = 0;
			defaultConfigurationName = Debug;
		};
		D76AF9E953363ADDAB0703CE /* Build configuration list for PBXNativeTarget "MengineMCPUIAutomationTests" */ = {
			isa = XCConfigurationList;
			buildConfigurations = (
				117C63BA0870B45D62D3CF43 /* Debug */,
				B9BEE47A53B02A09A3EBE405 /* Release */,
			);
			defaultConfigurationIsVisible = 0;
			defaultConfigurationName = Debug;
		};
/* End XCConfigurationList section */
	};
	rootObject = 90C17F93209E032AD93913FD /* Project object */;
}
